
Microsoft Visual Studio Solution File, Format Version 12.00
Project("{FAE04EC0-301F-11D3-BF4B-00C04F79EFBC}") = "KevinDockx.API", "KevinDockx.API\KevinDockx.API.csproj", "{E55C662D-7659-4B46-9919-07F51CA67E09}"
EndProject
Global
	GlobalSection(SolutionConfigurationPlatforms) = preSolution
		Debug|Any CPU = Debug|Any CPU
		Release|Any CPU = Release|Any CPU
	EndGlobalSection
	GlobalSection(ProjectConfigurationPlatforms) = postSolution
		{E55C662D-7659-4B46-9919-07F51CA67E09}.Debug|Any CPU.ActiveCfg = Debug|Any CPU
		{E55C662D-7659-4B46-9919-07F51CA67E09}.Debug|Any CPU.Build.0 = Debug|Any CPU
		{E55C662D-7659-4B46-9919-07F51CA67E09}.Release|Any CPU.ActiveCfg = Release|Any CPU
		{E55C662D-7659-4B46-9919-07F51CA67E09}.Release|Any CPU.Build.0 = Release|Any CPU
	EndGlobalSection
EndGlobal
